
Microsoft Visual Studio Solution File, Format Version 12.00
# Visual Studio Version 17
VisualStudioVersion = 17.10.35201.131
MinimumVisualStudioVersion = 10.0.40219.1
Project("{FAE04EC0-301F-11D3-BF4B-00C04F79EFBC}") = "Hestia.RocketMQ5", "src\Hestia.RocketMQ5.csproj", "{96D939ED-09A1-4929-B021-458CBE138F7F}"
EndProject
Global
	GlobalSection(SolutionConfigurationPlatforms) = preSolution
		Debug|Any CPU = Debug|Any CPU
		Release|Any CPU = Release|Any CPU
	EndGlobalSection
	GlobalSection(ProjectConfigurationPlatforms) = postSolution
		{96D939ED-09A1-4929-B021-458CBE138F7F}.Debug|Any CPU.ActiveCfg = Debug|Any CPU
		{96D939ED-09A1-4929-B021-458CBE138F7F}.Debug|Any CPU.Build.0 = Debug|Any CPU
		{96D939ED-09A1-4929-B021-458CBE138F7F}.Release|Any CPU.ActiveCfg = Release|Any CPU
		{96D939ED-09A1-4929-B021-458CBE138F7F}.Release|Any CPU.Build.0 = Release|Any CPU
	EndGlobalSection
	GlobalSection(SolutionProperties) = preSolution
		HideSolutionNode = FALSE
	EndGlobalSection
	GlobalSection(ExtensibilityGlobals) = postSolution
		SolutionGuid = {D0D5E44C-EB7C-4842-93E5-59E2AB5585EE}
	EndGlobalSection
EndGlobal
